// !$*UTF8*$!
{
	archiveVersion = 1;
	classes = {
	};
	objectVersion = 56;
	objects = {

/* Begin PBXBuildFile section */
		45937FA2299B0E7C002F54DD /* SwiftUIPortfolioApp.swift in Sources */ = {isa = PBXBuildFile; fileRef = 45937FA1299B0E7C002F54DD /* SwiftUIPortfolioApp.swift */; };
		45937FA4299B0E7C002F54DD /* ContentView.swift in Sources */ = {isa = PBXBuildFile; fileRef = 45937FA3299B0E7C002F54DD /* ContentView.swift */; };
		45937FA6299B0E7E002F54DD /* Assets.xcassets in Resources */ = {isa = PBXBuildFile; fileRef = 45937FA5299B0E7E002F54DD /* Assets.xcassets */; };
		45937FA9299B0E7E002F54DD /* Preview Assets.xcassets in Resources */ = {isa = PBXBuildFile; fileRef = 45937FA8299B0E7E002F54DD /* Preview Assets.xcassets */; };
		45937FB1299B11DB002F54DD /* Main.xcdatamodeld in Sources */ = {isa = PBXBuildFile; fileRef = 45937FAF299B11DB002F54DD /* Main.xcdatamodeld */; };
		45937FB3299B148F002F54DD /* DataController.swift in Sources */ = {isa = PBXBuildFile; fileRef = 45937FB2299B148F002F54DD /* DataController.swift */; };
		45937FB7299B5C73002F54DD /* SideBarView.swift in Sources */ = {isa = PBXBuildFile; fileRef = 45937FB6299B5C73002F54DD /* SideBarView.swift */; };
		45937FB9299B5C7C002F54DD /* DetailView.swift in Sources */ = {isa = PBXBuildFile; fileRef = 45937FB8299B5C7C002F54DD /* DetailView.swift */; };
		45937FBB299B5DC5002F54DD /* Filter.swift in Sources */ = {isa = PBXBuildFile; fileRef = 45937FBA299B5DC5002F54DD /* Filter.swift */; };
		45B9DB5C299F9A7F00A988AC /* Issue-CoreDataHelpers.swift in Sources */ = {isa = PBXBuildFile; fileRef = 45B9DB5B299F9A7F00A988AC /* Issue-CoreDataHelpers.swift */; };
		45B9DB5E299F9C1C00A988AC /* Tag-CoreDataHelpers.swift in Sources */ = {isa = PBXBuildFile; fileRef = 45B9DB5D299F9C1C00A988AC /* Tag-CoreDataHelpers.swift */; };
		45C8B91B29A9F72C008F687A /* IssueRow.swift in Sources */ = {isa = PBXBuildFile; fileRef = 45C8B91A29A9F72C008F687A /* IssueRow.swift */; };
/* End PBXBuildFile section */

/* Begin PBXFileReference section */
		45937F9E299B0E7C002F54DD /* SwiftUIPortfolio.app */ = {isa = PBXFileReference; explicitFileType = wrapper.application; includeInIndex = 0; path = SwiftUIPortfolio.app; sourceTree = BUILT_PRODUCTS_DIR; };
		45937FA1299B0E7C002F54DD /* SwiftUIPortfolioApp.swift */ = {isa = PBXFileReference; lastKnownFileType = sourcecode.swift; path = SwiftUIPortfolioApp.swift; sourceTree = "<group>"; };
		45937FA3299B0E7C002F54DD /* ContentView.swift */ = {isa = PBXFileReference; lastKnownFileType = sourcecode.swift; path = ContentView.swift; sourceTree = "<group>"; };
		45937FA5299B0E7E002F54DD /* Assets.xcassets */ = {isa = PBXFileReference; lastKnownFileType = folder.assetcatalog; path = Assets.xcassets; sourceTree = "<group>"; };
		45937FA8299B0E7E002F54DD /* Preview Assets.xcassets */ = {isa = PBXFileReference; lastKnownFileType = folder.assetcatalog; path = "Preview Assets.xcassets"; sourceTree = "<group>"; };
		45937FB0299B11DB002F54DD /* Main.xcdatamodel */ = {isa = PBXFileReference; lastKnownFileType = wrapper.xcdatamodel; path = Main.xcdatamodel; sourceTree = "<group>"; };
		45937FB2299B148F002F54DD /* DataController.swift */ = {isa = PBXFileReference; lastKnownFileType = sourcecode.swift; path = DataController.swift; sourceTree = "<group>"; };
		45937FB4299B5B0B002F54DD /* SwiftUIPortfolio.entitlements */ = {isa = PBXFileReference; lastKnownFileType = text.plist.entitlements; path = SwiftUIPortfolio.entitlements; sourceTree = "<group>"; };
		45937FB5299B5B15002F54DD /* Info.plist */ = {isa = PBXFileReference; lastKnownFileType = text.plist; path = Info.plist; sourceTree = "<group>"; };
		45937FB6299B5C73002F54DD /* SideBarView.swift */ = {isa = PBXFileReference; lastKnownFileType = sourcecode.swift; path = SideBarView.swift; sourceTree = "<group>"; };
		45937FB8299B5C7C002F54DD /* DetailView.swift */ = {isa = PBXFileReference; lastKnownFileType = sourcecode.swift; path = DetailView.swift; sourceTree = "<group>"; };
		45937FBA299B5DC5002F54DD /* Filter.swift */ = {isa = PBXFileReference; lastKnownFileType = sourcecode.swift; path = Filter.swift; sourceTree = "<group>"; };
		45B9DB5B299F9A7F00A988AC /* Issue-CoreDataHelpers.swift */ = {isa = PBXFileReference; lastKnownFileType = sourcecode.swift; path = "Issue-CoreDataHelpers.swift"; sourceTree = "<group>"; };
		45B9DB5D299F9C1C00A988AC /* Tag-CoreDataHelpers.swift */ = {isa = PBXFileReference; lastKnownFileType = sourcecode.swift; path = "Tag-CoreDataHelpers.swift"; sourceTree = "<group>"; };
		45C8B91A29A9F72C008F687A /* IssueRow.swift */ = {isa = PBXFileReference; lastKnownFileType = sourcecode.swift; path = IssueRow.swift; sourceTree = "<group>"; };
/* End PBXFileReference section */

/* Begin PBXFrameworksBuildPhase section */
		45937F9B299B0E7C002F54DD /* Frameworks */ = {
			isa = PBXFrameworksBuildPhase;
			buildActionMask = 2147483647;
			files = (
			);
			runOnlyForDeploymentPostprocessing = 0;
		};
/* End PBXFrameworksBuildPhase section */

/* Begin PBXGroup section */
		45937F95299B0E7C002F54DD = {
			isa = PBXGroup;
			children = (
				45937FA0299B0E7C002F54DD /* SwiftUIPortfolio */,
				45937F9F299B0E7C002F54DD /* Products */,
			);
			sourceTree = "<group>";
		};
		45937F9F299B0E7C002F54DD /* Products */ = {
			isa = PBXGroup;
			children = (
				45937F9E299B0E7C002F54DD /* SwiftUIPortfolio.app */,
			);
			name = Products;
			sourceTree = "<group>";
		};
		45937FA0299B0E7C002F54DD /* SwiftUIPortfolio */ = {
			isa = PBXGroup;
			children = (
				45937FB5299B5B15002F54DD /* Info.plist */,
				45937FB4299B5B0B002F54DD /* SwiftUIPortfolio.entitlements */,
				45937FA1299B0E7C002F54DD /* SwiftUIPortfolioApp.swift */,
				45937FB6299B5C73002F54DD /* SideBarView.swift */,
				45937FA3299B0E7C002F54DD /* ContentView.swift */,
				45C8B91A29A9F72C008F687A /* IssueRow.swift */,
				45937FB8299B5C7C002F54DD /* DetailView.swift */,
				45937FA5299B0E7E002F54DD /* Assets.xcassets */,
				45937FA7299B0E7E002F54DD /* Preview Content */,
				45937FAF299B11DB002F54DD /* Main.xcdatamodeld */,
				45937FB2299B148F002F54DD /* DataController.swift */,
				45937FBA299B5DC5002F54DD /* Filter.swift */,
				45B9DB5B299F9A7F00A988AC /* Issue-CoreDataHelpers.swift */,
				45B9DB5D299F9C1C00A988AC /* Tag-CoreDataHelpers.swift */,
			);
			path = SwiftUIPortfolio;
			sourceTree = "<group>";
		};
		45937FA7299B0E7E002F54DD /* Preview Content */ = {
			isa = PBXGroup;
			children = (
				45937FA8299B0E7E002F54DD /* Preview Assets.xcassets */,
			);
			path = "Preview Content";
			sourceTree = "<group>";
		};
/* End PBXGroup section */

/* Begin PBXNativeTarget section */
		45937F9D299B0E7C002F54DD /* SwiftUIPortfolio */ = {
			isa = PBXNativeTarget;
			buildConfigurationList = 45937FAC299B0E7E002F54DD /* Build configuration list for PBXNativeTarget "SwiftUIPortfolio" */;
			buildPhases = (
				45937F9A299B0E7C002F54DD /* Sources */,
				45937F9B299B0E7C002F54DD /* Frameworks */,
				45937F9C299B0E7C002F54DD /* Resources */,
			);
			buildRules = (
			);
			dependencies = (
			);
			name = SwiftUIPortfolio;
			productName = SwiftUIPortfolio;
			productReference = 45937F9E299B0E7C002F54DD /* SwiftUIPortfolio.app */;
			productType = "com.apple.product-type.application";
		};
/* End PBXNativeTarget section */

/* Begin PBXProject section */
		45937F96299B0E7C002F54DD /* Project object */ = {
			isa = PBXProject;
			attributes = {
				BuildIndependentTargetsInParallel = 1;
				LastSwiftUpdateCheck = 1420;
				LastUpgradeCheck = 1420;
				TargetAttributes = {
					45937F9D299B0E7C002F54DD = {
						CreatedOnToolsVersion = 14.2;
					};
				};
			};
			buildConfigurationList = 45937F99299B0E7C002F54DD /* Build configuration list for PBXProject "SwiftUIPortfolio" */;
			compatibilityVersion = "Xcode 14.0";
			developmentRegion = en;
			hasScannedForEncodings = 0;
			knownRegions = (
				en,
				Base,
			);
			mainGroup = 45937F95299B0E7C002F54DD;
			productRefGroup = 45937F9F299B0E7C002F54DD /* Products */;
			projectDirPath = "";
			projectRoot = "";
			targets = (
				45937F9D299B0E7C002F54DD /* SwiftUIPortfolio */,
			);
		};
/* End PBXProject section */

/* Begin PBXResourcesBuildPhase section */
		45937F9C299B0E7C002F54DD /* Resources */ = {
			isa = PBXResourcesBuildPhase;
			buildActionMask = 2147483647;
			files = (
				45937FA9299B0E7E002F54DD /* Preview Assets.xcassets in Resources */,
				45937FA6299B0E7E002F54DD /* Assets.xcassets in Resources */,
			);
			runOnlyForDeploymentPostprocessing = 0;
		};
/* End PBXResourcesBuildPhase section */

/* Begin PBXSourcesBuildPhase section */
		45937F9A299B0E7C002F54DD /* Sources */ = {
			isa = PBXSourcesBuildPhase;
			buildActionMask = 2147483647;
			files = (
				45937FBB299B5DC5002F54DD /* Filter.swift in Sources */,
				45B9DB5E299F9C1C00A988AC /* Tag-CoreDataHelpers.swift in Sources */,
				45937FB1299B11DB002F54DD /* Main.xcdatamodeld in Sources */,
				45B9DB5C299F9A7F00A988AC /* Issue-CoreDataHelpers.swift in Sources */,
				45937FB9299B5C7C002F54DD /* DetailView.swift in Sources */,
				45937FB3299B148F002F54DD /* DataController.swift in Sources */,
				45937FA4299B0E7C002F54DD /* ContentView.swift in Sources */,
				45937FB7299B5C73002F54DD /* SideBarView.swift in Sources */,
				45C8B91B29A9F72C008F687A /* IssueRow.swift in Sources */,
				45937FA2299B0E7C002F54DD /* SwiftUIPortfolioApp.swift in Sources */,
			);
			runOnlyForDeploymentPostprocessing = 0;
		};
/* End PBXSourcesBuildPhase section */

/* Begin XCBuildConfiguration section */
		45937FAA299B0E7E002F54DD /* Debug */ = {
			isa = XCBuildConfiguration;
			buildSettings = {
				ALWAYS_SEARCH_USER_PATHS = NO;
				CLANG_ANALYZER_NONNULL = YES;
				CLANG_ANALYZER_NUMBER_OBJECT_CONVERSION = YES_AGGRESSIVE;
				CLANG_CXX_LANGUAGE_STANDARD = "gnu++20";
				CLANG_ENABLE_MODULES = YES;
				CLANG_ENABLE_OBJC_ARC = YES;
				CLANG_ENABLE_OBJC_WEAK = YES;
				CLANG_WARN_BLOCK_CAPTURE_AUTORELEASING = YES;
				CLANG_WARN_BOOL_CONVERSION = YES;
				CLANG_WARN_COMMA = YES;
				CLANG_WARN_CONSTANT_CONVERSION = YES;
				CLANG_WARN_DEPRECATED_OBJC_IMPLEMENTATIONS = YES;
				CLANG_WARN_DIRECT_OBJC_ISA_USAGE = YES_ERROR;
				CLANG_WARN_DOCUMENTATION_COMMENTS = YES;
				CLANG_WARN_EMPTY_BODY = YES;
				CLANG_WARN_ENUM_CONVERSION = YES;
				CLANG_WARN_INFINITE_RECURSION = YES;
				CLANG_WARN_INT_CONVERSION = YES;
				CLANG_WARN_NON_LITERAL_NULL_CONVERSION = YES;
				CLANG_WARN_OBJC_IMPLICIT_RETAIN_SELF = YES;
				CLANG_WARN_OBJC_LITERAL_CONVERSION = YES;
				CLANG_WARN_OBJC_ROOT_CLASS = YES_ERROR;
				CLANG_WARN_QUOTED_INCLUDE_IN_FRAMEWORK_HEADER = YES;
				CLANG_WARN_RANGE_LOOP_ANALYSIS = YES;
				CLANG_WARN_STRICT_PROTOTYPES = YES;
				CLANG_WARN_SUSPICIOUS_MOVE = YES;
				CLANG_WARN_UNGUARDED_AVAILABILITY = YES_AGGRESSIVE;
				CLANG_WARN_UNREACHABLE_CODE = YES;
				CLANG_WARN__DUPLICATE_METHOD_MATCH = YES;
				COPY_PHASE_STRIP = NO;
				DEBUG_INFORMATION_FORMAT = dwarf;
				ENABLE_STRICT_OBJC_MSGSEND = YES;
				ENABLE_TESTABILITY = YES;
				GCC_C_LANGUAGE_STANDARD = gnu11;
				GCC_DYNAMIC_NO_PIC = NO;
				GCC_NO_COMMON_BLOCKS = YES;
				GCC_OPTIMIZATION_LEVEL = 0;
				GCC_PREPROCESSOR_DEFINITIONS = (
					"DEBUG=1",
					"$(inherited)",
				);
				GCC_WARN_64_TO_32_BIT_CONVERSION = YES;
				GCC_WARN_ABOUT_RETURN_TYPE = YES_ERROR;
				GCC_WARN_UNDECLARED_SELECTOR = YES;
				GCC_WARN_UNINITIALIZED_AUTOS = YES_AGGRESSIVE;
				GCC_WARN_UNUSED_FUNCTION = YES;
				GCC_WARN_UNUSED_VARIABLE = YES;
				IPHONEOS_DEPLOYMENT_TARGET = 16.2;
				MTL_ENABLE_DEBUG_INFO = INCLUDE_SOURCE;
				MTL_FAST_MATH = YES;
				ONLY_ACTIVE_ARCH = YES;
				SDKROOT = iphoneos;
				SWIFT_ACTIVE_COMPILATION_CONDITIONS = DEBUG;
				SWIFT_OPTIMIZATION_LEVEL = "-Onone";
			};
			name = Debug;
		};
		45937FAB299B0E7E002F54DD /* Release */ = {
			isa = XCBuildConfiguration;
			buildSettings = {
				ALWAYS_SEARCH_USER_PATHS = NO;
				CLANG_ANALYZER_NONNULL = YES;
				CLANG_ANALYZER_NUMBER_OBJECT_CONVERSION = YES_AGGRESSIVE;
				CLANG_CXX_LANGUAGE_STANDARD = "gnu++20";
				CLANG_ENABLE_MODULES = YES;
				CLANG_ENABLE_OBJC_ARC = YES;
				CLANG_ENABLE_OBJC_WEAK = YES;
				CLANG_WARN_BLOCK_CAPTURE_AUTORELEASING = YES;
				CLANG_WARN_BOOL_CONVERSION = YES;
				CLANG_WARN_COMMA = YES;
				CLANG_WARN_CONSTANT_CONVERSION = YES;
				CLANG_WARN_DEPRECATED_OBJC_IMPLEMENTATIONS = YES;
				CLANG_WARN_DIRECT_OBJC_ISA_USAGE = YES_ERROR;
				CLANG_WARN_DOCUMENTATION_COMMENTS = YES;
				CLANG_WARN_EMPTY_BODY = YES;
				CLANG_WARN_ENUM_CONVERSION = YES;
				CLANG_WARN_INFINITE_RECURSION = YES;
				CLANG_WARN_INT_CONVERSION = YES;
				CLANG_WARN_NON_LITERAL_NULL_CONVERSION = YES;
				CLANG_WARN_OBJC_IMPLICIT_RETAIN_SELF = YES;
				CLANG_WARN_OBJC_LITERAL_CONVERSION = YES;
				CLANG_WARN_OBJC_ROOT_CLASS = YES_ERROR;
				CLANG_WARN_QUOTED_INCLUDE_IN_FRAMEWORK_HEADER = YES;
				CLANG_WARN_RANGE_LOOP_ANALYSIS = YES;
				CLANG_WARN_STRICT_PROTOTYPES = YES;
				CLANG_WARN_SUSPICIOUS_MOVE = YES;
				CLANG_WARN_UNGUARDED_AVAILABILITY = YES_AGGRESSIVE;
				CLANG_WARN_UNREACHABLE_CODE = YES;
				CLANG_WARN__DUPLICATE_METHOD_MATCH = YES;
				COPY_PHASE_STRIP = NO;
				DEBUG_INFORMATION_FORMAT = "dwarf-with-dsym";
				ENABLE_NS_ASSERTIONS = NO;
				ENABLE_STRICT_OBJC_MSGSEND = YES;
				GCC_C_LANGUAGE_STANDARD = gnu11;
				GCC_NO_COMMON_BLOCKS = YES;
				GCC_WARN_64_TO_32_BIT_CONVERSION = YES;
				GCC_WARN_ABOUT_RETURN_TYPE = YES_ERROR;
				GCC_WARN_UNDECLARED_SELECTOR = YES;
				GCC_WARN_UNINITIALIZED_AUTOS = YES_AGGRESSIVE;
				GCC_WARN_UNUSED_FUNCTION = YES;
				GCC_WARN_UNUSED_VARIABLE = YES;
				IPHONEOS_DEPLOYMENT_TARGET = 16.2;
				MTL_ENABLE_DEBUG_INFO = NO;
				MTL_FAST_MATH = YES;
				SDKROOT = iphoneos;
				SWIFT_COMPILATION_MODE = wholemodule;
				SWIFT_OPTIMIZATION_LEVEL = "-O";
				VALIDATE_PRODUCT = YES;
			};
			name = Release;
		};
		45937FAD299B0E7E002F54DD /* Debug */ = {
			isa = XCBuildConfiguration;
			buildSettings = {
				ASSETCATALOG_COMPILER_APPICON_NAME = AppIcon;
				ASSETCATALOG_COMPILER_GLOBAL_ACCENT_COLOR_NAME = AccentColor;
				CODE_SIGN_ENTITLEMENTS = SwiftUIPortfolio/SwiftUIPortfolio.entitlements;
				CODE_SIGN_STYLE = Automatic;
				CURRENT_PROJECT_VERSION = 1;
				DEVELOPMENT_ASSET_PATHS = "\"SwiftUIPortfolio/Preview Content\"";
				DEVELOPMENT_TEAM = 433LH3TNXX;
				ENABLE_PREVIEWS = YES;
				GENERATE_INFOPLIST_FILE = YES;
				INFOPLIST_FILE = SwiftUIPortfolio/Info.plist;
				INFOPLIST_KEY_UIApplicationSceneManifest_Generation = YES;
				INFOPLIST_KEY_UIApplicationSupportsIndirectInputEvents = YES;
				INFOPLIST_KEY_UILaunchScreen_Generation = YES;
				INFOPLIST_KEY_UISupportedInterfaceOrientations_iPad = "UIInterfaceOrientationPortrait UIInterfaceOrientationPortraitUpsideDown UIInterfaceOrientationLandscapeLeft UIInterfaceOrientationLandscapeRight";
				INFOPLIST_KEY_UISupportedInterfaceOrientations_iPhone = "UIInterfaceOrientationPortrait UIInterfaceOrientationLandscapeLeft UIInterfaceOrientationLandscapeRight";
				IPHONEOS_DEPLOYMENT_TARGET = 16.0;
				LD_RUNPATH_SEARCH_PATHS = (
					"$(inherited)",
					"@executable_path/Frameworks",
				);
				MARKETING_VERSION = 1.0;
				PRODUCT_BUNDLE_IDENTIFIER = com.yeonBlue.SwiftUIPortfolio;
				PRODUCT_NAME = "$(TARGET_NAME)";
				SWIFT_EMIT_LOC_STRINGS = YES;
				SWIFT_VERSION = 5.0;
				TARGETED_DEVICE_FAMILY = "1,2";
			};
			name = Debug;
		};
		45937FAE299B0E7E002F54DD /* Release */ = {
			isa = XCBuildConfiguration;
			buildSettings = {
				ASSETCATALOG_COMPILER_APPICON_NAME = AppIcon;
				ASSETCATALOG_COMPILER_GLOBAL_ACCENT_COLOR_NAME = AccentColor;
				CODE_SIGN_ENTITLEMENTS = SwiftUIPortfolio/SwiftUIPortfolio.entitlements;
				CODE_SIGN_STYLE = Automatic;
				CURRENT_PROJECT_VERSION = 1;
				DEVELOPMENT_ASSET_PATHS = "\"SwiftUIPortfolio/Preview Content\"";
				DEVELOPMENT_TEAM = 433LH3TNXX;
				ENABLE_PREVIEWS = YES;
				GENERATE_INFOPLIST_FILE = YES;
				INFOPLIST_FILE = SwiftUIPortfolio/Info.plist;
				INFOPLIST_KEY_UIApplicationSceneManifest_Generation = YES;
				INFOPLIST_KEY_UIApplicationSupportsIndirectInputEvents = YES;
				INFOPLIST_KEY_UILaunchScreen_Generation = YES;
				INFOPLIST_KEY_UISupportedInterfaceOrientations_iPad = "UIInterfaceOrientationPortrait UIInterfaceOrientationPortraitUpsideDown UIInterfaceOrientationLandscapeLeft UIInterfaceOrientationLandscapeRight";
				INFOPLIST_KEY_UISupportedInterfaceOrientations_iPhone = "UIInterfaceOrientationPortrait UIInterfaceOrientationLandscapeLeft UIInterfaceOrientationLandscapeRight";
				IPHONEOS_DEPLOYMENT_TARGET = 16.0;
				LD_RUNPATH_SEARCH_PATHS = (
					"$(inherited)",
					"@executable_path/Frameworks",
				);
				MARKETING_VERSION = 1.0;
				PRODUCT_BUNDLE_IDENTIFIER = com.yeonBlue.SwiftUIPortfolio;
				PRODUCT_NAME = "$(TARGET_NAME)";
				SWIFT_EMIT_LOC_STRINGS = YES;
				SWIFT_VERSION = 5.0;
				TARGETED_DEVICE_FAMILY = "1,2";
			};
			name = Release;
		};
/* End XCBuildConfiguration section */

/* Begin XCConfigurationList section */
		45937F99299B0E7C002F54DD /* Build configuration list for PBXProject "SwiftUIPortfolio" */ = {
			isa = XCConfigurationList;
			buildConfigurations = (
				45937FAA299B0E7E002F54DD /* Debug */,
				45937FAB299B0E7E002F54DD /* Release */,
			);
			defaultConfigurationIsVisible = 0;
			defaultConfigurationName = Release;
		};
		45937FAC299B0E7E002F54DD /* Build configuration list for PBXNativeTarget "SwiftUIPortfolio" */ = {
			isa = XCConfigurationList;
			buildConfigurations = (
				45937FAD299B0E7E002F54DD /* Debug */,
				45937FAE299B0E7E002F54DD /* Release */,
			);
			defaultConfigurationIsVisible = 0;
			defaultConfigurationName = Release;
		};
/* End XCConfigurationList section */

/* Begin XCVersionGroup section */
		45937FAF299B11DB002F54DD /* Main.xcdatamodeld */ = {
			isa = XCVersionGroup;
			children = (
				45937FB0299B11DB002F54DD /* Main.xcdatamodel */,
			);
			currentVersion = 45937FB0299B11DB002F54DD /* Main.xcdatamodel */;
			path = Main.xcdatamodeld;
			sourceTree = "<group>";
			versionGroupType = wrapper.xcdatamodel;
		};
/* End XCVersionGroup section */
	};
	rootObject = 45937F96299B0E7C002F54DD /* Project object */;
}
